
Microsoft Visual Studio Solution File, Format Version 12.00
# Visual Studio Version 16
VisualStudioVersion = 16.0.30804.86
MinimumVisualStudioVersion = 10.0.40219.1
Project("{FAE04EC0-301F-11D3-BF4B-00C04F79EFBC}") = "SmartSchool.API", "SmartSchool.API\SmartSchool.API.csproj", "{7C414358-FA91-415E-8F69-D4FFF5C8F9DA}"
EndProject
Global
	GlobalSection(SolutionConfigurationPlatforms) = preSolution
		Debug|Any CPU = Debug|Any CPU
		Release|Any CPU = Release|Any CPU
	EndGlobalSection
	GlobalSection(ProjectConfigurationPlatforms) = postSolution
		{7C414358-FA91-415E-8F69-D4FFF5C8F9DA}.Debug|Any CPU.ActiveCfg = Debug|Any CPU
		{7C414358-FA91-415E-8F69-D4FFF5C8F9DA}.Debug|Any CPU.Build.0 = Debug|Any CPU
		{7C414358-FA91-415E-8F69-D4FFF5C8F9DA}.Release|Any CPU.ActiveCfg = Release|Any CPU
		{7C414358-FA91-415E-8F69-D4FFF5C8F9DA}.Release|Any CPU.Build.0 = Release|Any CPU
	EndGlobalSection
	GlobalSection(SolutionProperties) = preSolution
		HideSolutionNode = FALSE
	EndGlobalSection
	GlobalSection(ExtensibilityGlobals) = postSolution
		SolutionGuid = {B8212280-5091-46C6-B497-603554387EF8}
	EndGlobalSection
EndGlobal
